// !$*UTF8*$!
{
	archiveVersion = 1;
	classes = {
	};
	objectVersion = 77;
	objects = {

/* Begin PBXBuildFile section */
		0D930FFC2EC9C7E500AADFC6 /* SDWebImage in Frameworks */ = {isa = PBXBuildFile; productRef = 0D930FFB2EC9C7E500AADFC6 /* SDWebImage */; };
		0D930FFE2EC9C7E500AADFC6 /* SDWebImageMapKit in Frameworks */ = {isa = PBXBuildFile; productRef = 0D930FFD2EC9C7E500AADFC6 /* SDWebImageMapKit */; };
		0D9310012EC9C8B700AADFC6 /* SDWebImage in Frameworks */ = {isa = PBXBuildFile; productRef = 0D9310002EC9C8B700AADFC6 /* SDWebImage */; };
		0D9310032EC9C8B700AADFC6 /* SDWebImageMapKit in Frameworks */ = {isa = PBXBuildFile; productRef = 0D9310022EC9C8B700AADFC6 /* SDWebImageMapKit */; };
		0D9310062EC9C8D800AADFC6 /* SVGKit in Frameworks */ = {isa = PBXBuildFile; productRef = 0D9310052EC9C8D800AADFC6 /* SVGKit */; };
		0D9310082EC9C8D800AADFC6 /* SVGKitSwift in Frameworks */ = {isa = PBXBuildFile; productRef = 0D9310072EC9C8D800AADFC6 /* SVGKitSwift */; };
		0D93100B2EC9C8F300AADFC6 /* SwiftyBeaver in Frameworks */ = {isa = PBXBuildFile; productRef = 0D93100A2EC9C8F300AADFC6 /* SwiftyBeaver */; };
		0D93100E2EC9C90F00AADFC6 /* ZIPFoundation in Frameworks */ = {isa = PBXBuildFile; productRef = 0D93100D2EC9C90F00AADFC6 /* ZIPFoundation */; };
		4E75F99AB1A51ECBA77F72ED /* Pods_iosApp.framework in Frameworks */ = {isa = PBXBuildFile; fileRef = 896B719C8D0A37303336D3D5 /* Pods_iosApp.framework */; };
		8F377DF12ECDEE0E002458AC /* Sentry in Frameworks */ = {isa = PBXBuildFile; productRef = 8F377DF02ECDEE0E002458AC /* Sentry */; };
/* End PBXBuildFile section */

/* Begin PBXFileReference section */
		2D2CDD72696D3D20BFFEBB72 /* Pods-iosApp.debug.xcconfig */ = {isa = PBXFileReference; includeInIndex = 1; lastKnownFileType = text.xcconfig; name = "Pods-iosApp.debug.xcconfig"; path = "Target Support Files/Pods-iosApp/Pods-iosApp.debug.xcconfig"; sourceTree = "<group>"; };
		8669CCAFB8E7A71FD65EFFC2 /* movieskmpsimplified.app */ = {isa = PBXFileReference; explicitFileType = wrapper.application; includeInIndex = 0; path = movieskmpsimplified.app; sourceTree = BUILT_PRODUCTS_DIR; };
		896B719C8D0A37303336D3D5 /* Pods_iosApp.framework */ = {isa = PBXFileReference; explicitFileType = wrapper.framework; includeInIndex = 0; path = Pods_iosApp.framework; sourceTree = BUILT_PRODUCTS_DIR; };
		B012099A44BD936337B2332B /* Pods-iosApp.release.xcconfig */ = {isa = PBXFileReference; includeInIndex = 1; lastKnownFileType = text.xcconfig; name = "Pods-iosApp.release.xcconfig"; path = "Target Support Files/Pods-iosApp/Pods-iosApp.release.xcconfig"; sourceTree = "<group>"; };
/* End PBXFileReference section */

/* Begin PBXFileSystemSynchronizedBuildFileExceptionSet section */
		234EF6E5B9CA484E075216A7 /* Exceptions for "iosApp" folder in "iosApp" target */ = {
			isa = PBXFileSystemSynchronizedBuildFileExceptionSet;
			membershipExceptions = (
				Info.plist,
			);
			target = 231EFBA78BAAC8AF2FC36FC7 /* iosApp */;
		};
/* End PBXFileSystemSynchronizedBuildFileExceptionSet section */

/* Begin PBXFileSystemSynchronizedRootGroup section */
		5392B2400FB19EE5D5AA6807 /* iosApp */ = {
			isa = PBXFileSystemSynchronizedRootGroup;
			exceptions = (
				234EF6E5B9CA484E075216A7 /* Exceptions for "iosApp" folder in "iosApp" target */,
			);
			path = iosApp;
			sourceTree = "<group>";
		};
		74B3814EE84DFD51C6FE4550 /* Configuration */ = {
			isa = PBXFileSystemSynchronizedRootGroup;
			path = Configuration;
			sourceTree = "<group>";
		};
/* End PBXFileSystemSynchronizedRootGroup section */

/* Begin PBXFrameworksBuildPhase section */
		B52336534233D964A338ABC7 /* Frameworks */ = {
			isa = PBXFrameworksBuildPhase;
			buildActionMask = 2147483647;
			files = (
				0D9310062EC9C8D800AADFC6 /* SVGKit in Frameworks */,
				0D930FFC2EC9C7E500AADFC6 /* SDWebImage in Frameworks */,
				0D9310032EC9C8B700AADFC6 /* SDWebImageMapKit in Frameworks */,
				0D930FFE2EC9C7E500AADFC6 /* SDWebImageMapKit in Frameworks */,
				0D9310082EC9C8D800AADFC6 /* SVGKitSwift in Frameworks */,
				8F377DF12ECDEE0E002458AC /* Sentry in Frameworks */,
				0D9310012EC9C8B700AADFC6 /* SDWebImage in Frameworks */,
				4E75F99AB1A51ECBA77F72ED /* Pods_iosApp.framework in Frameworks */,
				0D93100B2EC9C8F300AADFC6 /* SwiftyBeaver in Frameworks */,
				0D93100E2EC9C90F00AADFC6 /* ZIPFoundation in Frameworks */,
			);
			runOnlyForDeploymentPostprocessing = 0;
		};
/* End PBXFrameworksBuildPhase section */

/* Begin PBXGroup section */
		0FE165D4C5DE023492D1993A = {
			isa = PBXGroup;
			children = (
				74B3814EE84DFD51C6FE4550 /* Configuration */,
				5392B2400FB19EE5D5AA6807 /* iosApp */,
				18D0006DD43148830DA61B09 /* Products */,
				B87124B8AF719AAEF8386BFD /* Pods */,
				44AE3C8AFABE004A7FA41AFD /* Frameworks */,
			);
			sourceTree = "<group>";
		};
		18D0006DD43148830DA61B09 /* Products */ = {
			isa = PBXGroup;
			children = (
				8669CCAFB8E7A71FD65EFFC2 /* movieskmpsimplified.app */,
			);
			name = Products;
			sourceTree = "<group>";
		};
		44AE3C8AFABE004A7FA41AFD /* Frameworks */ = {
			isa = PBXGroup;
			children = (
				896B719C8D0A37303336D3D5 /* Pods_iosApp.framework */,
			);
			name = Frameworks;
			sourceTree = "<group>";
		};
		B87124B8AF719AAEF8386BFD /* Pods */ = {
			isa = PBXGroup;
			children = (
				2D2CDD72696D3D20BFFEBB72 /* Pods-iosApp.debug.xcconfig */,
				B012099A44BD936337B2332B /* Pods-iosApp.release.xcconfig */,
			);
			path = Pods;
			sourceTree = "<group>";
		};
/* End PBXGroup section */

/* Begin PBXNativeTarget section */
		231EFBA78BAAC8AF2FC36FC7 /* iosApp */ = {
			isa = PBXNativeTarget;
			buildConfigurationList = 50E4AA771DA15E2936848B87 /* Build configuration list for PBXNativeTarget "iosApp" */;
			buildPhases = (
				80CF69E19EF6E7A45BCD3181 /* [CP] Check Pods Manifest.lock */,
				EB15D481C6405B152EB7A2CF /* Compile Kotlin Framework */,
				E724CA44E2F2CF72DFFE1222 /* Sources */,
				8F377DF22ECDF009002458AC /* Upload dSYM debug symbols to Sentry */,
				B52336534233D964A338ABC7 /* Frameworks */,
				D62A70B6A26B43D2BE1A0320 /* Resources */,
				48B3BEB33B82510CBA594EDA /* [CP] Embed Pods Frameworks */,
			);
			buildRules = (
			);
			dependencies = (
			);
			fileSystemSynchronizedGroups = (
				5392B2400FB19EE5D5AA6807 /* iosApp */,
			);
			name = iosApp;
			productName = iosApp;
			productReference = 8669CCAFB8E7A71FD65EFFC2 /* movieskmpsimplified.app */;
			productType = "com.apple.product-type.application";
		};
/* End PBXNativeTarget section */

/* Begin PBXProject section */
		424A2765A0F00F77A6D77FE3 /* Project object */ = {
			isa = PBXProject;
			attributes = {
				BuildIndependentTargetsInParallel = 1;
				LastSwiftUpdateCheck = 1620;
				LastUpgradeCheck = 1620;
				TargetAttributes = {
					231EFBA78BAAC8AF2FC36FC7 = {
						CreatedOnToolsVersion = 16.2;
					};
				};
			};
			buildConfigurationList = 80D8970096B43FE3CE667EAB /* Build configuration list for PBXProject "iosApp" */;
			developmentRegion = en;
			hasScannedForEncodings = 0;
			knownRegions = (
				en,
				Base,
			);
			mainGroup = 0FE165D4C5DE023492D1993A;
			minimizedProjectReferenceProxies = 1;
			packageReferences = (
				0D930FFF2EC9C8B700AADFC6 /* XCRemoteSwiftPackageReference "SDWebImage" */,
				0D9310042EC9C8D800AADFC6 /* XCRemoteSwiftPackageReference "SVGKit" */,
				0D9310092EC9C8F300AADFC6 /* XCRemoteSwiftPackageReference "SwiftyBeaver" */,
				0D93100C2EC9C90F00AADFC6 /* XCRemoteSwiftPackageReference "ZIPFoundation" */,
				8F377DEF2ECDEE0E002458AC /* XCRemoteSwiftPackageReference "sentry-cocoa" */,
			);
			preferredProjectObjectVersion = 77;
			productRefGroup = 18D0006DD43148830DA61B09 /* Products */;
			projectDirPath = "";
			projectRoot = "";
			targets = (
				231EFBA78BAAC8AF2FC36FC7 /* iosApp */,
			);
		};
/* End PBXProject section */

/* Begin PBXResourcesBuildPhase section */
		D62A70B6A26B43D2BE1A0320 /* Resources */ = {
			isa = PBXResourcesBuildPhase;
			buildActionMask = 2147483647;
			files = (
			);
			runOnlyForDeploymentPostprocessing = 0;
		};
/* End PBXResourcesBuildPhase section */

/* Begin PBXShellScriptBuildPhase section */
		48B3BEB33B82510CBA594EDA /* [CP] Embed Pods Frameworks */ = {
			isa = PBXShellScriptBuildPhase;
			buildActionMask = 2147483647;
			files = (
			);
			inputFileListPaths = (
				"${PODS_ROOT}/Target Support Files/Pods-iosApp/Pods-iosApp-frameworks-${CONFIGURATION}-input-files.xcfilelist",
			);
			name = "[CP] Embed Pods Frameworks";
			outputFileListPaths = (
				"${PODS_ROOT}/Target Support Files/Pods-iosApp/Pods-iosApp-frameworks-${CONFIGURATION}-output-files.xcfilelist",
			);
			runOnlyForDeploymentPostprocessing = 0;
			shellPath = /bin/sh;
			shellScript = "\"${PODS_ROOT}/Target Support Files/Pods-iosApp/Pods-iosApp-frameworks.sh\"\n";
			showEnvVarsInLog = 0;
		};
		80CF69E19EF6E7A45BCD3181 /* [CP] Check Pods Manifest.lock */ = {
			isa = PBXShellScriptBuildPhase;
			buildActionMask = 2147483647;
			files = (
			);
			inputFileListPaths = (
			);
			inputPaths = (
				"${PODS_PODFILE_DIR_PATH}/Podfile.lock",
				"${PODS_ROOT}/Manifest.lock",
			);
			name = "[CP] Check Pods Manifest.lock";
			outputFileListPaths = (
			);
			outputPaths = (
				"$(DERIVED_FILE_DIR)/Pods-iosApp-checkManifestLockResult.txt",
			);
			runOnlyForDeploymentPostprocessing = 0;
			shellPath = /bin/sh;
			shellScript = "diff \"${PODS_PODFILE_DIR_PATH}/Podfile.lock\" \"${PODS_ROOT}/Manifest.lock\" > /dev/null\nif [ $? != 0 ] ; then\n    # print error to STDERR\n    echo \"error: The sandbox is not in sync with the Podfile.lock. Run 'pod install' or update your CocoaPods installation.\" >&2\n    exit 1\nfi\n# This output is used by Xcode 'outputs' to avoid re-running this script phase.\necho \"SUCCESS\" > \"${SCRIPT_OUTPUT_FILE_0}\"\n";
			showEnvVarsInLog = 0;
		};
		8F377DF22ECDF009002458AC /* Upload dSYM debug symbols to Sentry */ = {
			isa = PBXShellScriptBuildPhase;
			buildActionMask = 2147483647;
			files = (
			);
			inputFileListPaths = (
			);
			inputPaths = (
			);
			name = "Upload dSYM debug symbols to Sentry";
			outputFileListPaths = (
			);
			outputPaths = (
			);
			runOnlyForDeploymentPostprocessing = 0;
			shellPath = /bin/sh;
			shellScript = "###########################################################################\n# 🪶 Sentry dSYM Upload Script\n# This script uploads dSYM (debug symbol) files to Sentry automatically\n# so that crash reports can be symbolicated (show readable stack traces).\n# Also add this line to the \"Input Files\" section of the script:\n#   ${DWARF_DSYM_FOLDER_PATH}/${DWARF_DSYM_FILE_NAME}/Contents/Resources/DWARF/${EXECUTABLE_NAME}\n#\n# Never commit your SENTRY_AUTH_TOKEN to version control.\n\n#Also:\n# 1: Yoiu need to install Sentry CLI on host machine in order to bellow script to run\n###########################################################################\n\n# 🧱 1. Skip script for Debug and Simulator builds\n#    - We only upload symbols for Release builds (those used in production or TestFlight).\nif [ \"$CONFIGURATION\" != \"Release\" ] || [ \"$EFFECTIVE_PLATFORM_NAME\" == \"-iphonesimulator\" ]; then\n    echo \"ℹ️  Skipping Sentry dSYM upload for $CONFIGURATION $EFFECTIVE_PLATFORM_NAME build\"\n    exit 0\nfi\n\n# 🧠 2. Update PATH for Apple Silicon (arm64) Macs\n#    - Homebrew installs binaries in /opt/homebrew/bin on Apple Silicon (M1/M2/M3 chips)\n#    - This ensures Xcode can find sentry-cli.\nif [[ \"$(uname -m)\" == arm64 ]]; then\n    export PATH=\"/opt/homebrew/bin:$PATH\"\nfi\n\n# 🪶 3. Check if sentry-cli is available\n#    - sentry-cli is the command-line tool used to upload debug symbols.\nif which sentry-cli >/dev/null; then\nexport SENTRY_ORG=freelance-6m\nexport SENTRY_PROJECT=swift-bestapp\nexport SENTRY_AUTH_TOKEN=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\n\n# 🧩 4. Upload dSYM files\n    #    - \"$DWARF_DSYM_FOLDER_PATH\" points to where Xcode stores dSYM bundles for this build.\n    #    - Redirect output to /dev/null to keep logs clean, but capture any error message.\nERROR=$(sentry-cli debug-files upload \\\n\"$DWARF_DSYM_FOLDER_PATH\" --force-foreground 2>&1 >/dev/null)\n\n# 🧭 5. Check exit status and print warning if upload failed\nif [ ! $? -eq 0 ]; then\necho \"error: sentry-cli - $ERROR\"\nfi\nelse\necho \"error: sentry-cli not installed, download from https://github.com/getsentry/sentry-cli/releases\"\nfi\n";
		};
		EB15D481C6405B152EB7A2CF /* Compile Kotlin Framework */ = {
			isa = PBXShellScriptBuildPhase;
			alwaysOutOfDate = 1;
			buildActionMask = 2147483647;
			files = (
			);
			inputFileListPaths = (
			);
			inputPaths = (
			);
			name = "Compile Kotlin Framework";
			outputFileListPaths = (
			);
			outputPaths = (
			);
			runOnlyForDeploymentPostprocessing = 0;
			shellPath = /bin/sh;
			shellScript = "if [ \"YES\" = \"$OVERRIDE_KOTLIN_BUILD_IDE_SUPPORTED\" ]; then\n  echo \"Skipping Gradle build task invocation due to OVERRIDE_KOTLIN_BUILD_IDE_SUPPORTED environment variable set to \\\"YES\\\"\"\n  exit 0\nfi\ncd \"$SRCROOT/..\"\n./gradlew :shared:embedAndSignAppleFrameworkForXcode\n";
		};
/* End PBXShellScriptBuildPhase section */

/* Begin PBXSourcesBuildPhase section */
		E724CA44E2F2CF72DFFE1222 /* Sources */ = {
			isa = PBXSourcesBuildPhase;
			buildActionMask = 2147483647;
			files = (
			);
			runOnlyForDeploymentPostprocessing = 0;
		};
/* End PBXSourcesBuildPhase section */

/* Begin XCBuildConfiguration section */
		28ADDEE9DA27601DA9EDBE99 /* Release */ = {
			isa = XCBuildConfiguration;
			baseConfigurationReferenceAnchor = 74B3814EE84DFD51C6FE4550 /* Configuration */;
			baseConfigurationReferenceRelativePath = Config.xcconfig;
			buildSettings = {
				ALWAYS_SEARCH_USER_PATHS = NO;
				ASSETCATALOG_COMPILER_GENERATE_SWIFT_ASSET_SYMBOL_EXTENSIONS = YES;
				CLANG_ANALYZER_NONNULL = YES;
				CLANG_ANALYZER_NUMBER_OBJECT_CONVERSION = YES_AGGRESSIVE;
				CLANG_CXX_LANGUAGE_STANDARD = "gnu++20";
				CLANG_ENABLE_MODULES = YES;
				CLANG_ENABLE_OBJC_ARC = YES;
				CLANG_ENABLE_OBJC_WEAK = YES;
				CLANG_WARN_BLOCK_CAPTURE_AUTORELEASING = YES;
				CLANG_WARN_BOOL_CONVERSION = YES;
				CLANG_WARN_COMMA = YES;
				CLANG_WARN_CONSTANT_CONVERSION = YES;
				CLANG_WARN_DEPRECATED_OBJC_IMPLEMENTATIONS = YES;
				CLANG_WARN_DIRECT_OBJC_ISA_USAGE = YES_ERROR;
				CLANG_WARN_DOCUMENTATION_COMMENTS = YES;
				CLANG_WARN_EMPTY_BODY = YES;
				CLANG_WARN_ENUM_CONVERSION = YES;
				CLANG_WARN_INFINITE_RECURSION = YES;
				CLANG_WARN_INT_CONVERSION = YES;
				CLANG_WARN_NON_LITERAL_NULL_CONVERSION = YES;
				CLANG_WARN_OBJC_IMPLICIT_RETAIN_SELF = YES;
				CLANG_WARN_OBJC_LITERAL_CONVERSION = YES;
				CLANG_WARN_OBJC_ROOT_CLASS = YES_ERROR;
				CLANG_WARN_QUOTED_INCLUDE_IN_FRAMEWORK_HEADER = YES;
				CLANG_WARN_RANGE_LOOP_ANALYSIS = YES;
				CLANG_WARN_STRICT_PROTOTYPES = YES;
				CLANG_WARN_SUSPICIOUS_MOVE = YES;
				CLANG_WARN_UNGUARDED_AVAILABILITY = YES_AGGRESSIVE;
				CLANG_WARN_UNREACHABLE_CODE = YES;
				CLANG_WARN__DUPLICATE_METHOD_MATCH = YES;
				COPY_PHASE_STRIP = NO;
				DEBUG_INFORMATION_FORMAT = "dwarf-with-dsym";
				ENABLE_NS_ASSERTIONS = NO;
				ENABLE_STRICT_OBJC_MSGSEND = YES;
				ENABLE_USER_SCRIPT_SANDBOXING = NO;
				GCC_C_LANGUAGE_STANDARD = gnu17;
				GCC_NO_COMMON_BLOCKS = YES;
				GCC_WARN_64_TO_32_BIT_CONVERSION = YES;
				GCC_WARN_ABOUT_RETURN_TYPE = YES_ERROR;
				GCC_WARN_UNDECLARED_SELECTOR = YES;
				GCC_WARN_UNINITIALIZED_AUTOS = YES_AGGRESSIVE;
				GCC_WARN_UNUSED_FUNCTION = YES;
				GCC_WARN_UNUSED_VARIABLE = YES;
				IPHONEOS_DEPLOYMENT_TARGET = 18.2;
				LOCALIZATION_PREFERS_STRING_CATALOGS = YES;
				MTL_ENABLE_DEBUG_INFO = NO;
				MTL_FAST_MATH = YES;
				SDKROOT = iphoneos;
				SWIFT_COMPILATION_MODE = wholemodule;
				VALIDATE_PRODUCT = YES;
			};
			name = Release;
		};
		81B2D581DCE05ADDBD957EBE /* Debug */ = {
			isa = XCBuildConfiguration;
			baseConfigurationReferenceAnchor = 74B3814EE84DFD51C6FE4550 /* Configuration */;
			baseConfigurationReferenceRelativePath = Config.xcconfig;
			buildSettings = {
				ALWAYS_SEARCH_USER_PATHS = NO;
				ASSETCATALOG_COMPILER_GENERATE_SWIFT_ASSET_SYMBOL_EXTENSIONS = YES;
				CLANG_ANALYZER_NONNULL = YES;
				CLANG_ANALYZER_NUMBER_OBJECT_CONVERSION = YES_AGGRESSIVE;
				CLANG_CXX_LANGUAGE_STANDARD = "gnu++20";
				CLANG_ENABLE_MODULES = YES;
				CLANG_ENABLE_OBJC_ARC = YES;
				CLANG_ENABLE_OBJC_WEAK = YES;
				CLANG_WARN_BLOCK_CAPTURE_AUTORELEASING = YES;
				CLANG_WARN_BOOL_CONVERSION = YES;
				CLANG_WARN_COMMA = YES;
				CLANG_WARN_CONSTANT_CONVERSION = YES;
				CLANG_WARN_DEPRECATED_OBJC_IMPLEMENTATIONS = YES;
				CLANG_WARN_DIRECT_OBJC_ISA_USAGE = YES_ERROR;
				CLANG_WARN_DOCUMENTATION_COMMENTS = YES;
				CLANG_WARN_EMPTY_BODY = YES;
				CLANG_WARN_ENUM_CONVERSION = YES;
				CLANG_WARN_INFINITE_RECURSION = YES;
				CLANG_WARN_INT_CONVERSION = YES;
				CLANG_WARN_NON_LITERAL_NULL_CONVERSION = YES;
				CLANG_WARN_OBJC_IMPLICIT_RETAIN_SELF = YES;
				CLANG_WARN_OBJC_LITERAL_CONVERSION = YES;
				CLANG_WARN_OBJC_ROOT_CLASS = YES_ERROR;
				CLANG_WARN_QUOTED_INCLUDE_IN_FRAMEWORK_HEADER = YES;
				CLANG_WARN_RANGE_LOOP_ANALYSIS = YES;
				CLANG_WARN_STRICT_PROTOTYPES = YES;
				CLANG_WARN_SUSPICIOUS_MOVE = YES;
				CLANG_WARN_UNGUARDED_AVAILABILITY = YES_AGGRESSIVE;
				CLANG_WARN_UNREACHABLE_CODE = YES;
				CLANG_WARN__DUPLICATE_METHOD_MATCH = YES;
				COPY_PHASE_STRIP = NO;
				DEBUG_INFORMATION_FORMAT = dwarf;
				ENABLE_STRICT_OBJC_MSGSEND = YES;
				ENABLE_TESTABILITY = YES;
				ENABLE_USER_SCRIPT_SANDBOXING = NO;
				GCC_C_LANGUAGE_STANDARD = gnu17;
				GCC_DYNAMIC_NO_PIC = NO;
				GCC_NO_COMMON_BLOCKS = YES;
				GCC_OPTIMIZATION_LEVEL = 0;
				GCC_PREPROCESSOR_DEFINITIONS = (
					"DEBUG=1",
					"$(inherited)",
				);
				GCC_WARN_64_TO_32_BIT_CONVERSION = YES;
				GCC_WARN_ABOUT_RETURN_TYPE = YES_ERROR;
				GCC_WARN_UNDECLARED_SELECTOR = YES;
				GCC_WARN_UNINITIALIZED_AUTOS = YES_AGGRESSIVE;
				GCC_WARN_UNUSED_FUNCTION = YES;
				GCC_WARN_UNUSED_VARIABLE = YES;
				IPHONEOS_DEPLOYMENT_TARGET = 18.2;
				LOCALIZATION_PREFERS_STRING_CATALOGS = YES;
				MTL_ENABLE_DEBUG_INFO = INCLUDE_SOURCE;
				MTL_FAST_MATH = YES;
				ONLY_ACTIVE_ARCH = YES;
				SDKROOT = iphoneos;
				SWIFT_ACTIVE_COMPILATION_CONDITIONS = "DEBUG $(inherited)";
				SWIFT_OPTIMIZATION_LEVEL = "-Onone";
			};
			name = Debug;
		};
		8E5D2C711F85835032736A61 /* Debug */ = {
			isa = XCBuildConfiguration;
			baseConfigurationReference = 2D2CDD72696D3D20BFFEBB72 /* Pods-iosApp.debug.xcconfig */;
			buildSettings = {
				ARCHS = arm64;
				ASSETCATALOG_COMPILER_APPICON_NAME = AppIcon;
				ASSETCATALOG_COMPILER_GLOBAL_ACCENT_COLOR_NAME = AccentColor;
				CODE_SIGN_IDENTITY = "Apple Development";
				"CODE_SIGN_IDENTITY[sdk=iphoneos*]" = "iPhone Developer";
				CODE_SIGN_STYLE = Manual;
				DEVELOPMENT_ASSET_PATHS = "";
				DEVELOPMENT_TEAM = "";
				"DEVELOPMENT_TEAM[sdk=iphoneos*]" = 7QHW327AG3;
				ENABLE_PREVIEWS = YES;
				GENERATE_INFOPLIST_FILE = YES;
				INFOPLIST_FILE = iosApp/Info.plist;
				INFOPLIST_KEY_UIApplicationSupportsIndirectInputEvents = YES;
				INFOPLIST_KEY_UILaunchScreen_Generation = YES;
				INFOPLIST_KEY_UISupportedInterfaceOrientations_iPad = "UIInterfaceOrientationPortrait UIInterfaceOrientationPortraitUpsideDown UIInterfaceOrientationLandscapeLeft UIInterfaceOrientationLandscapeRight";
				INFOPLIST_KEY_UISupportedInterfaceOrientations_iPhone = "UIInterfaceOrientationPortrait UIInterfaceOrientationLandscapeLeft UIInterfaceOrientationLandscapeRight";
				LD_RUNPATH_SEARCH_PATHS = (
					"$(inherited)",
					"@executable_path/Frameworks",
				);
				PRODUCT_BUNDLE_IDENTIFIER = com.example.movieskmp;
				PROVISIONING_PROFILE_SPECIFIER = "";
				"PROVISIONING_PROFILE_SPECIFIER[sdk=iphoneos*]" = WildCard7;
				SUPPORTED_PLATFORMS = "iphoneos iphonesimulator";
				SUPPORTS_MACCATALYST = NO;
				SUPPORTS_MAC_DESIGNED_FOR_IPHONE_IPAD = NO;
				SUPPORTS_XR_DESIGNED_FOR_IPHONE_IPAD = NO;
				SWIFT_EMIT_LOC_STRINGS = YES;
				SWIFT_VERSION = 5.0;
				TARGETED_DEVICE_FAMILY = 1;
			};
			name = Debug;
		};
		E14FBE9F77FE0DC25AD5FDC0 /* Release */ = {
			isa = XCBuildConfiguration;
			baseConfigurationReference = B012099A44BD936337B2332B /* Pods-iosApp.release.xcconfig */;
			buildSettings = {
				ARCHS = arm64;
				ASSETCATALOG_COMPILER_APPICON_NAME = AppIcon;
				ASSETCATALOG_COMPILER_GLOBAL_ACCENT_COLOR_NAME = AccentColor;
				CODE_SIGN_IDENTITY = "Apple Development";
				"CODE_SIGN_IDENTITY[sdk=iphoneos*]" = "iPhone Developer";
				CODE_SIGN_STYLE = Manual;
				DEVELOPMENT_ASSET_PATHS = "";
				DEVELOPMENT_TEAM = "";
				"DEVELOPMENT_TEAM[sdk=iphoneos*]" = 7QHW327AG3;
				ENABLE_PREVIEWS = YES;
				GENERATE_INFOPLIST_FILE = YES;
				INFOPLIST_FILE = iosApp/Info.plist;
				INFOPLIST_KEY_UIApplicationSupportsIndirectInputEvents = YES;
				INFOPLIST_KEY_UILaunchScreen_Generation = YES;
				INFOPLIST_KEY_UISupportedInterfaceOrientations_iPad = "UIInterfaceOrientationPortrait UIInterfaceOrientationPortraitUpsideDown UIInterfaceOrientationLandscapeLeft UIInterfaceOrientationLandscapeRight";
				INFOPLIST_KEY_UISupportedInterfaceOrientations_iPhone = "UIInterfaceOrientationPortrait UIInterfaceOrientationLandscapeLeft UIInterfaceOrientationLandscapeRight";
				LD_RUNPATH_SEARCH_PATHS = (
					"$(inherited)",
					"@executable_path/Frameworks",
				);
				PRODUCT_BUNDLE_IDENTIFIER = com.example.movieskmp;
				PROVISIONING_PROFILE_SPECIFIER = "";
				"PROVISIONING_PROFILE_SPECIFIER[sdk=iphoneos*]" = WildCard7;
				SUPPORTED_PLATFORMS = "iphoneos iphonesimulator";
				SUPPORTS_MACCATALYST = NO;
				SUPPORTS_MAC_DESIGNED_FOR_IPHONE_IPAD = NO;
				SUPPORTS_XR_DESIGNED_FOR_IPHONE_IPAD = NO;
				SWIFT_EMIT_LOC_STRINGS = YES;
				SWIFT_VERSION = 5.0;
				TARGETED_DEVICE_FAMILY = 1;
			};
			name = Release;
		};
/* End XCBuildConfiguration section */

/* Begin XCConfigurationList section */
		50E4AA771DA15E2936848B87 /* Build configuration list for PBXNativeTarget "iosApp" */ = {
			isa = XCConfigurationList;
			buildConfigurations = (
				8E5D2C711F85835032736A61 /* Debug */,
				E14FBE9F77FE0DC25AD5FDC0 /* Release */,
			);
			defaultConfigurationIsVisible = 0;
			defaultConfigurationName = Release;
		};
		80D8970096B43FE3CE667EAB /* Build configuration list for PBXProject "iosApp" */ = {
			isa = XCConfigurationList;
			buildConfigurations = (
				81B2D581DCE05ADDBD957EBE /* Debug */,
				28ADDEE9DA27601DA9EDBE99 /* Release */,
			);
			defaultConfigurationIsVisible = 0;
			defaultConfigurationName = Release;
		};
/* End XCConfigurationList section */

/* Begin XCRemoteSwiftPackageReference section */
		0D930FFA2EC9C7E500AADFC6 /* XCRemoteSwiftPackageReference "SDWebImage" */ = {
			isa = XCRemoteSwiftPackageReference;
			repositoryURL = "https://github.com/SDWebImage/SDWebImage.git";
			requirement = {
				kind = upToNextMajorVersion;
				minimumVersion = 5.21.3;
			};
		};
		0D930FFF2EC9C8B700AADFC6 /* XCRemoteSwiftPackageReference "SDWebImage" */ = {
			isa = XCRemoteSwiftPackageReference;
			repositoryURL = "https://github.com/SDWebImage/SDWebImage.git";
			requirement = {
				kind = upToNextMajorVersion;
				minimumVersion = 5.21.3;
			};
		};
		0D9310042EC9C8D800AADFC6 /* XCRemoteSwiftPackageReference "SVGKit" */ = {
			isa = XCRemoteSwiftPackageReference;
			repositoryURL = "https://github.com/SVGKit/SVGKit.git";
			requirement = {
				kind = upToNextMajorVersion;
				minimumVersion = 3.0.0;
			};
		};
		0D9310092EC9C8F300AADFC6 /* XCRemoteSwiftPackageReference "SwiftyBeaver" */ = {
			isa = XCRemoteSwiftPackageReference;
			repositoryURL = "https://github.com/SwiftyBeaver/SwiftyBeaver.git";
			requirement = {
				kind = upToNextMajorVersion;
				minimumVersion = 2.1.1;
			};
		};
		0D93100C2EC9C90F00AADFC6 /* XCRemoteSwiftPackageReference "ZIPFoundation" */ = {
			isa = XCRemoteSwiftPackageReference;
			repositoryURL = "https://github.com/weichsel/ZIPFoundation";
			requirement = {
				kind = upToNextMajorVersion;
				minimumVersion = 0.9.20;
			};
		};
		8F377DEF2ECDEE0E002458AC /* XCRemoteSwiftPackageReference "sentry-cocoa" */ = {
			isa = XCRemoteSwiftPackageReference;
			repositoryURL = "https://github.com/getsentry/sentry-cocoa.git";
			requirement = {
				kind = exactVersion;
				version = 8.57.2;
			};
		};
/* End XCRemoteSwiftPackageReference section */

/* Begin XCSwiftPackageProductDependency section */
		0D930FFB2EC9C7E500AADFC6 /* SDWebImage */ = {
			isa = XCSwiftPackageProductDependency;
			package = 0D930FFA2EC9C7E500AADFC6 /* XCRemoteSwiftPackageReference "SDWebImage" */;
			productName = SDWebImage;
		};
		0D930FFD2EC9C7E500AADFC6 /* SDWebImageMapKit */ = {
			isa = XCSwiftPackageProductDependency;
			package = 0D930FFA2EC9C7E500AADFC6 /* XCRemoteSwiftPackageReference "SDWebImage" */;
			productName = SDWebImageMapKit;
		};
		0D9310002EC9C8B700AADFC6 /* SDWebImage */ = {
			isa = XCSwiftPackageProductDependency;
			package = 0D930FFF2EC9C8B700AADFC6 /* XCRemoteSwiftPackageReference "SDWebImage" */;
			productName = SDWebImage;
		};
		0D9310022EC9C8B700AADFC6 /* SDWebImageMapKit */ = {
			isa = XCSwiftPackageProductDependency;
			package = 0D930FFF2EC9C8B700AADFC6 /* XCRemoteSwiftPackageReference "SDWebImage" */;
			productName = SDWebImageMapKit;
		};
		0D9310052EC9C8D800AADFC6 /* SVGKit */ = {
			isa = XCSwiftPackageProductDependency;
			package = 0D9310042EC9C8D800AADFC6 /* XCRemoteSwiftPackageReference "SVGKit" */;
			productName = SVGKit;
		};
		0D9310072EC9C8D800AADFC6 /* SVGKitSwift */ = {
			isa = XCSwiftPackageProductDependency;
			package = 0D9310042EC9C8D800AADFC6 /* XCRemoteSwiftPackageReference "SVGKit" */;
			productName = SVGKitSwift;
		};
		0D93100A2EC9C8F300AADFC6 /* SwiftyBeaver */ = {
			isa = XCSwiftPackageProductDependency;
			package = 0D9310092EC9C8F300AADFC6 /* XCRemoteSwiftPackageReference "SwiftyBeaver" */;
			productName = SwiftyBeaver;
		};
		0D93100D2EC9C90F00AADFC6 /* ZIPFoundation */ = {
			isa = XCSwiftPackageProductDependency;
			package = 0D93100C2EC9C90F00AADFC6 /* XCRemoteSwiftPackageReference "ZIPFoundation" */;
			productName = ZIPFoundation;
		};
		8F377DF02ECDEE0E002458AC /* Sentry */ = {
			isa = XCSwiftPackageProductDependency;
			package = 8F377DEF2ECDEE0E002458AC /* XCRemoteSwiftPackageReference "sentry-cocoa" */;
			productName = Sentry;
		};
/* End XCSwiftPackageProductDependency section */
	};
	rootObject = 424A2765A0F00F77A6D77FE3 /* Project object */;
}
